
Microsoft Visual Studio Solution File, Format Version 12.00
# Visual Studio 15
VisualStudioVersion = 15.0.27703.2026
MinimumVisualStudioVersion = 10.0.40219.1
Project("{FAE04EC0-301F-11D3-BF4B-00C04F79EFBC}") = "OOPsReview", "OOPsReview\OOPsReview.csproj", "{C043698C-3BA9-48B0-9A8E-60162E0B90ED}"
EndProject
Global
	GlobalSection(SolutionConfigurationPlatforms) = preSolution
		Debug|Any CPU = Debug|Any CPU
		Release|Any CPU = Release|Any CPU
	EndGlobalSection
	GlobalSection(ProjectConfigurationPlatforms) = postSolution
		{C043698C-3BA9-48B0-9A8E-60162E0B90ED}.Debug|Any CPU.ActiveCfg = Debug|Any CPU
		{C043698C-3BA9-48B0-9A8E-60162E0B90ED}.Debug|Any CPU.Build.0 = Debug|Any CPU
		{C043698C-3BA9-48B0-9A8E-60162E0B90ED}.Release|Any CPU.ActiveCfg = Release|Any CPU
		{C043698C-3BA9-48B0-9A8E-60162E0B90ED}.Release|Any CPU.Build.0 = Release|Any CPU
	EndGlobalSection
	GlobalSection(SolutionProperties) = preSolution
		HideSolutionNode = FALSE
	EndGlobalSection
	GlobalSection(ExtensibilityGlobals) = postSolution
		SolutionGuid = {854F9668-910C-4F55-8215-EE988E78CCBC}
	EndGlobalSection
EndGlobal
